// !$*UTF8*$!
{
	archiveVersion = 1;
	classes = {
	};
	objectVersion = 55;
	objects = {

/* Begin PBXBuildFile section */
		1F509CDE2851EC0800BA6972 /* Tests_iOS.swift in Sources */ = {isa = PBXBuildFile; fileRef = 1F509CDD2851EC0800BA6972 /* Tests_iOS.swift */; };
		1F509CE02851EC0800BA6972 /* Tests_iOSLaunchTests.swift in Sources */ = {isa = PBXBuildFile; fileRef = 1F509CDF2851EC0800BA6972 /* Tests_iOSLaunchTests.swift */; };
		1F509CEA2851EC0800BA6972 /* Tests_macOS.swift in Sources */ = {isa = PBXBuildFile; fileRef = 1F509CE92851EC0800BA6972 /* Tests_macOS.swift */; };
		1F509CEC2851EC0800BA6972 /* Tests_macOSLaunchTests.swift in Sources */ = {isa = PBXBuildFile; fileRef = 1F509CEB2851EC0800BA6972 /* Tests_macOSLaunchTests.swift */; };
		1F509CED2851EC0800BA6972 /* App.swift in Sources */ = {isa = PBXBuildFile; fileRef = 1F509CC52851EC0800BA6972 /* App.swift */; };
		1F509CEF2851EC0800BA6972 /* ContentView.swift in Sources */ = {isa = PBXBuildFile; fileRef = 1F509CC62851EC0800BA6972 /* ContentView.swift */; };
		1F509CF12851EC0800BA6972 /* Assets.xcassets in Resources */ = {isa = PBXBuildFile; fileRef = 1F509CC72851EC0800BA6972 /* Assets.xcassets */; };
		1F509CF22851EC0800BA6972 /* Assets.xcassets in Resources */ = {isa = PBXBuildFile; fileRef = 1F509CC72851EC0800BA6972 /* Assets.xcassets */; };
		1F509D022851EC9500BA6972 /* HeadTracker.swift in Sources */ = {isa = PBXBuildFile; fileRef = 1F509D012851EC9500BA6972 /* HeadTracker.swift */; };
/* End PBXBuildFile section */

/* Begin PBXContainerItemProxy section */
		1F509CDA2851EC0800BA6972 /* PBXContainerItemProxy */ = {
			isa = PBXContainerItemProxy;
			containerPortal = 1F509CC02851EC0800BA6972 /* Project object */;
			proxyType = 1;
			remoteGlobalIDString = 1F509CCB2851EC0800BA6972;
			remoteInfo = "CMHeadphoneMotion (iOS)";
		};
		1F509CE62851EC0800BA6972 /* PBXContainerItemProxy */ = {
			isa = PBXContainerItemProxy;
			containerPortal = 1F509CC02851EC0800BA6972 /* Project object */;
			proxyType = 1;
			remoteGlobalIDString = 1F509CD12851EC0800BA6972;
			remoteInfo = "CMHeadphoneMotion (macOS)";
		};
/* End PBXContainerItemProxy section */

/* Begin PBXFileReference section */
		1F509CC52851EC0800BA6972 /* App.swift */ = {isa = PBXFileReference; lastKnownFileType = sourcecode.swift; path = App.swift; sourceTree = "<group>"; };
		1F509CC62851EC0800BA6972 /* ContentView.swift */ = {isa = PBXFileReference; lastKnownFileType = sourcecode.swift; path = ContentView.swift; sourceTree = "<group>"; };
		1F509CC72851EC0800BA6972 /* Assets.xcassets */ = {isa = PBXFileReference; lastKnownFileType = folder.assetcatalog; path = Assets.xcassets; sourceTree = "<group>"; };
		1F509CCC2851EC0800BA6972 /* CMHeadphoneMotionMaangerMac.app */ = {isa = PBXFileReference; explicitFileType = wrapper.application; includeInIndex = 0; path = CMHeadphoneMotionMaangerMac.app; sourceTree = BUILT_PRODUCTS_DIR; };
		1F509CD22851EC0800BA6972 /* CMHeadphoneMotionMaangerMac.app */ = {isa = PBXFileReference; explicitFileType = wrapper.application; includeInIndex = 0; path = CMHeadphoneMotionMaangerMac.app; sourceTree = BUILT_PRODUCTS_DIR; };
		1F509CD42851EC0800BA6972 /* macOS.entitlements */ = {isa = PBXFileReference; lastKnownFileType = text.plist.entitlements; path = macOS.entitlements; sourceTree = "<group>"; };
		1F509CD92851EC0800BA6972 /* Tests iOS.xctest */ = {isa = PBXFileReference; explicitFileType = wrapper.cfbundle; includeInIndex = 0; path = "Tests iOS.xctest"; sourceTree = BUILT_PRODUCTS_DIR; };
		1F509CDD2851EC0800BA6972 /* Tests_iOS.swift */ = {isa = PBXFileReference; lastKnownFileType = sourcecode.swift; path = Tests_iOS.swift; sourceTree = "<group>"; };
		1F509CDF2851EC0800BA6972 /* Tests_iOSLaunchTests.swift */ = {isa = PBXFileReference; lastKnownFileType = sourcecode.swift; path = Tests_iOSLaunchTests.swift; sourceTree = "<group>"; };
		1F509CE52851EC0800BA6972 /* Tests macOS.xctest */ = {isa = PBXFileReference; explicitFileType = wrapper.cfbundle; includeInIndex = 0; path = "Tests macOS.xctest"; sourceTree = BUILT_PRODUCTS_DIR; };
		1F509CE92851EC0800BA6972 /* Tests_macOS.swift */ = {isa = PBXFileReference; lastKnownFileType = sourcecode.swift; path = Tests_macOS.swift; sourceTree = "<group>"; };
		1F509CEB2851EC0800BA6972 /* Tests_macOSLaunchTests.swift */ = {isa = PBXFileReference; lastKnownFileType = sourcecode.swift; path = Tests_macOSLaunchTests.swift; sourceTree = "<group>"; };
		1F509D012851EC9500BA6972 /* HeadTracker.swift */ = {isa = PBXFileReference; lastKnownFileType = sourcecode.swift; path = HeadTracker.swift; sourceTree = "<group>"; };
		1F509D3D2851FB3800BA6972 /* iOS.entitlements */ = {isa = PBXFileReference; lastKnownFileType = text.plist.entitlements; path = iOS.entitlements; sourceTree = "<group>"; };
/* End PBXFileReference section */

/* Begin PBXFrameworksBuildPhase section */
		1F509CC92851EC0800BA6972 /* Frameworks */ = {
			isa = PBXFrameworksBuildPhase;
			buildActionMask = 2147483647;
			files = (
			);
			runOnlyForDeploymentPostprocessing = 0;
		};
		1F509CCF2851EC0800BA6972 /* Frameworks */ = {
			isa = PBXFrameworksBuildPhase;
			buildActionMask = 2147483647;
			files = (
			);
			runOnlyForDeploymentPostprocessing = 0;
		};
		1F509CD62851EC0800BA6972 /* Frameworks */ = {
			isa = PBXFrameworksBuildPhase;
			buildActionMask = 2147483647;
			files = (
			);
			runOnlyForDeploymentPostprocessing = 0;
		};
		1F509CE22851EC0800BA6972 /* Frameworks */ = {
			isa = PBXFrameworksBuildPhase;
			buildActionMask = 2147483647;
			files = (
			);
			runOnlyForDeploymentPostprocessing = 0;
		};
/* End PBXFrameworksBuildPhase section */

/* Begin PBXGroup section */
		1F509CBF2851EC0800BA6972 = {
			isa = PBXGroup;
			children = (
				1F509CC42851EC0800BA6972 /* Shared */,
				1F509CD32851EC0800BA6972 /* macOS */,
				1F509D3E2851FB4E00BA6972 /* iOS */,
				1F509CDC2851EC0800BA6972 /* Tests iOS */,
				1F509CE82851EC0800BA6972 /* Tests macOS */,
				1F509CCD2851EC0800BA6972 /* Products */,
			);
			sourceTree = "<group>";
		};
		1F509CC42851EC0800BA6972 /* Shared */ = {
			isa = PBXGroup;
			children = (
				1F509D012851EC9500BA6972 /* HeadTracker.swift */,
				1F509CC62851EC0800BA6972 /* ContentView.swift */,
				1F509CC52851EC0800BA6972 /* App.swift */,
				1F509CC72851EC0800BA6972 /* Assets.xcassets */,
			);
			path = Shared;
			sourceTree = "<group>";
		};
		1F509CCD2851EC0800BA6972 /* Products */ = {
			isa = PBXGroup;
			children = (
				1F509CCC2851EC0800BA6972 /* CMHeadphoneMotionMaangerMac.app */,
				1F509CD22851EC0800BA6972 /* CMHeadphoneMotionMaangerMac.app */,
				1F509CD92851EC0800BA6972 /* Tests iOS.xctest */,
				1F509CE52851EC0800BA6972 /* Tests macOS.xctest */,
			);
			name = Products;
			sourceTree = "<group>";
		};
		1F509CD32851EC0800BA6972 /* macOS */ = {
			isa = PBXGroup;
			children = (
				1F509CD42851EC0800BA6972 /* macOS.entitlements */,
			);
			path = macOS;
			sourceTree = "<group>";
		};
		1F509CDC2851EC0800BA6972 /* Tests iOS */ = {
			isa = PBXGroup;
			children = (
				1F509CDD2851EC0800BA6972 /* Tests_iOS.swift */,
				1F509CDF2851EC0800BA6972 /* Tests_iOSLaunchTests.swift */,
			);
			path = "Tests iOS";
			sourceTree = "<group>";
		};
		1F509CE82851EC0800BA6972 /* Tests macOS */ = {
			isa = PBXGroup;
			children = (
				1F509CE92851EC0800BA6972 /* Tests_macOS.swift */,
				1F509CEB2851EC0800BA6972 /* Tests_macOSLaunchTests.swift */,
			);
			path = "Tests macOS";
			sourceTree = "<group>";
		};
		1F509D3E2851FB4E00BA6972 /* iOS */ = {
			isa = PBXGroup;
			children = (
				1F509D3D2851FB3800BA6972 /* iOS.entitlements */,
			);
			path = iOS;
			sourceTree = "<group>";
		};
/* End PBXGroup section */

/* Begin PBXNativeTarget section */
		1F509CCB2851EC0800BA6972 /* CMHeadphoneMotionMaangerMac (iOS) */ = {
			isa = PBXNativeTarget;
			buildConfigurationList = 1F509CF52851EC0800BA6972 /* Build configuration list for PBXNativeTarget "CMHeadphoneMotionMaangerMac (iOS)" */;
			buildPhases = (
				1F509CC82851EC0800BA6972 /* Sources */,
				1F509CC92851EC0800BA6972 /* Frameworks */,
				1F509CCA2851EC0800BA6972 /* Resources */,
			);
			buildRules = (
			);
			dependencies = (
			);
			name = "CMHeadphoneMotionMaangerMac (iOS)";
			productName = "CMHeadphoneMotion (iOS)";
			productReference = 1F509CCC2851EC0800BA6972 /* CMHeadphoneMotionMaangerMac.app */;
			productType = "com.apple.product-type.application";
		};
		1F509CD12851EC0800BA6972 /* CMHeadphoneMotionMaangerMac (macOS) */ = {
			isa = PBXNativeTarget;
			buildConfigurationList = 1F509CF82851EC0800BA6972 /* Build configuration list for PBXNativeTarget "CMHeadphoneMotionMaangerMac (macOS)" */;
			buildPhases = (
				1F509CCE2851EC0800BA6972 /* Sources */,
				1F509CCF2851EC0800BA6972 /* Frameworks */,
				1F509CD02851EC0800BA6972 /* Resources */,
			);
			buildRules = (
			);
			dependencies = (
			);
			name = "CMHeadphoneMotionMaangerMac (macOS)";
			productName = "CMHeadphoneMotion (macOS)";
			productReference = 1F509CD22851EC0800BA6972 /* CMHeadphoneMotionMaangerMac.app */;
			productType = "com.apple.product-type.application";
		};
		1F509CD82851EC0800BA6972 /* Tests iOS */ = {
			isa = PBXNativeTarget;
			buildConfigurationList = 1F509CFB2851EC0800BA6972 /* Build configuration list for PBXNativeTarget "Tests iOS" */;
			buildPhases = (
				1F509CD52851EC0800BA6972 /* Sources */,
				1F509CD62851EC0800BA6972 /* Frameworks */,
				1F509CD72851EC0800BA6972 /* Resources */,
			);
			buildRules = (
			);
			dependencies = (
				1F509CDB2851EC0800BA6972 /* PBXTargetDependency */,
			);
			name = "Tests iOS";
			productName = "Tests iOS";
			productReference = 1F509CD92851EC0800BA6972 /* Tests iOS.xctest */;
			productType = "com.apple.product-type.bundle.ui-testing";
		};
		1F509CE42851EC0800BA6972 /* Tests macOS */ = {
			isa = PBXNativeTarget;
			buildConfigurationList = 1F509CFE2851EC0800BA6972 /* Build configuration list for PBXNativeTarget "Tests macOS" */;
			buildPhases = (
				1F509CE12851EC0800BA6972 /* Sources */,
				1F509CE22851EC0800BA6972 /* Frameworks */,
				1F509CE32851EC0800BA6972 /* Resources */,
			);
			buildRules = (
			);
			dependencies = (
				1F509CE72851EC0800BA6972 /* PBXTargetDependency */,
			);
			name = "Tests macOS";
			productName = "Tests macOS";
			productReference = 1F509CE52851EC0800BA6972 /* Tests macOS.xctest */;
			productType = "com.apple.product-type.bundle.ui-testing";
		};
/* End PBXNativeTarget section */

/* Begin PBXProject section */
		1F509CC02851EC0800BA6972 /* Project object */ = {
			isa = PBXProject;
			attributes = {
				BuildIndependentTargetsInParallel = 1;
				LastSwiftUpdateCheck = 1340;
				LastUpgradeCheck = 1340;
				TargetAttributes = {
					1F509CCB2851EC0800BA6972 = {
						CreatedOnToolsVersion = 13.4.1;
					};
					1F509CD12851EC0800BA6972 = {
						CreatedOnToolsVersion = 13.4.1;
					};
					1F509CD82851EC0800BA6972 = {
						CreatedOnToolsVersion = 13.4.1;
						TestTargetID = 1F509CCB2851EC0800BA6972;
					};
					1F509CE42851EC0800BA6972 = {
						CreatedOnToolsVersion = 13.4.1;
						TestTargetID = 1F509CD12851EC0800BA6972;
					};
				};
			};
			buildConfigurationList = 1F509CC32851EC0800BA6972 /* Build configuration list for PBXProject "CMHeadphoneMotionManagerMac" */;
			compatibilityVersion = "Xcode 13.0";
			developmentRegion = en;
			hasScannedForEncodings = 0;
			knownRegions = (
				en,
				Base,
			);
			mainGroup = 1F509CBF2851EC0800BA6972;
			productRefGroup = 1F509CCD2851EC0800BA6972 /* Products */;
			projectDirPath = "";
			projectRoot = "";
			targets = (
				1F509CCB2851EC0800BA6972 /* CMHeadphoneMotionMaangerMac (iOS) */,
				1F509CD12851EC0800BA6972 /* CMHeadphoneMotionMaangerMac (macOS) */,
				1F509CD82851EC0800BA6972 /* Tests iOS */,
				1F509CE42851EC0800BA6972 /* Tests macOS */,
			);
		};
/* End PBXProject section */

/* Begin PBXResourcesBuildPhase section */
		1F509CCA2851EC0800BA6972 /* Resources */ = {
			isa = PBXResourcesBuildPhase;
			buildActionMask = 2147483647;
			files = (
				1F509CF12851EC0800BA6972 /* Assets.xcassets in Resources */,
			);
			runOnlyForDeploymentPostprocessing = 0;
		};
		1F509CD02851EC0800BA6972 /* Resources */ = {
			isa = PBXResourcesBuildPhase;
			buildActionMask = 2147483647;
			files = (
				1F509CF22851EC0800BA6972 /* Assets.xcassets in Resources */,
			);
			runOnlyForDeploymentPostprocessing = 0;
		};
		1F509CD72851EC0800BA6972 /* Resources */ = {
			isa = PBXResourcesBuildPhase;
			buildActionMask = 2147483647;
			files = (
			);
			runOnlyForDeploymentPostprocessing = 0;
		};
		1F509CE32851EC0800BA6972 /* Resources */ = {
			isa = PBXResourcesBuildPhase;
			buildActionMask = 2147483647;
			files = (
			);
			runOnlyForDeploymentPostprocessing = 0;
		};
/* End PBXResourcesBuildPhase section */

/* Begin PBXSourcesBuildPhase section */
		1F509CC82851EC0800BA6972 /* Sources */ = {
			isa = PBXSourcesBuildPhase;
			buildActionMask = 2147483647;
			files = (
				1F509CEF2851EC0800BA6972 /* ContentView.swift in Sources */,
				1F509CED2851EC0800BA6972 /* App.swift in Sources */,
				1F509D022851EC9500BA6972 /* HeadTracker.swift in Sources */,
			);
			runOnlyForDeploymentPostprocessing = 0;
		};
		1F509CCE2851EC0800BA6972 /* Sources */ = {
			isa = PBXSourcesBuildPhase;
			buildActionMask = 2147483647;
			files = (
			);
			runOnlyForDeploymentPostprocessing = 0;
		};
		1F509CD52851EC0800BA6972 /* Sources */ = {
			isa = PBXSourcesBuildPhase;
			buildActionMask = 2147483647;
			files = (
				1F509CE02851EC0800BA6972 /* Tests_iOSLaunchTests.swift in Sources */,
				1F509CDE2851EC0800BA6972 /* Tests_iOS.swift in Sources */,
			);
			runOnlyForDeploymentPostprocessing = 0;
		};
		1F509CE12851EC0800BA6972 /* Sources */ = {
			isa = PBXSourcesBuildPhase;
			buildActionMask = 2147483647;
			files = (
				1F509CEC2851EC0800BA6972 /* Tests_macOSLaunchTests.swift in Sources */,
				1F509CEA2851EC0800BA6972 /* Tests_macOS.swift in Sources */,
			);
			runOnlyForDeploymentPostprocessing = 0;
		};
/* End PBXSourcesBuildPhase section */

/* Begin PBXTargetDependency section */
		1F509CDB2851EC0800BA6972 /* PBXTargetDependency */ = {
			isa = PBXTargetDependency;
			target = 1F509CCB2851EC0800BA6972 /* CMHeadphoneMotionMaangerMac (iOS) */;
			targetProxy = 1F509CDA2851EC0800BA6972 /* PBXContainerItemProxy */;
		};
		1F509CE72851EC0800BA6972 /* PBXTargetDependency */ = {
			isa = PBXTargetDependency;
			target = 1F509CD12851EC0800BA6972 /* CMHeadphoneMotionMaangerMac (macOS) */;
			targetProxy = 1F509CE62851EC0800BA6972 /* PBXContainerItemProxy */;
		};
/* End PBXTargetDependency section */

/* Begin XCBuildConfiguration section */
		1F509CF32851EC0800BA6972 /* Debug */ = {
			isa = XCBuildConfiguration;
			buildSettings = {
				ALWAYS_SEARCH_USER_PATHS = NO;
				CLANG_ANALYZER_NONNULL = YES;
				CLANG_ANALYZER_NUMBER_OBJECT_CONVERSION = YES_AGGRESSIVE;
				CLANG_CXX_LANGUAGE_STANDARD = "gnu++17";
				CLANG_ENABLE_MODULES = YES;
				CLANG_ENABLE_OBJC_ARC = YES;
				CLANG_ENABLE_OBJC_WEAK = YES;
				CLANG_WARN_BLOCK_CAPTURE_AUTORELEASING = YES;
				CLANG_WARN_BOOL_CONVERSION = YES;
				CLANG_WARN_COMMA = YES;
				CLANG_WARN_CONSTANT_CONVERSION = YES;
				CLANG_WARN_DEPRECATED_OBJC_IMPLEMENTATIONS = YES;
				CLANG_WARN_DIRECT_OBJC_ISA_USAGE = YES_ERROR;
				CLANG_WARN_DOCUMENTATION_COMMENTS = YES;
				CLANG_WARN_EMPTY_BODY = YES;
				CLANG_WARN_ENUM_CONVERSION = YES;
				CLANG_WARN_INFINITE_RECURSION = YES;
				CLANG_WARN_INT_CONVERSION = YES;
				CLANG_WARN_NON_LITERAL_NULL_CONVERSION = YES;
				CLANG_WARN_OBJC_IMPLICIT_RETAIN_SELF = YES;
				CLANG_WARN_OBJC_LITERAL_CONVERSION = YES;
				CLANG_WARN_OBJC_ROOT_CLASS = YES_ERROR;
				CLANG_WARN_QUOTED_INCLUDE_IN_FRAMEWORK_HEADER = YES;
				CLANG_WARN_RANGE_LOOP_ANALYSIS = YES;
				CLANG_WARN_STRICT_PROTOTYPES = YES;
				CLANG_WARN_SUSPICIOUS_MOVE = YES;
				CLANG_WARN_UNGUARDED_AVAILABILITY = YES_AGGRESSIVE;
				CLANG_WARN_UNREACHABLE_CODE = YES;
				CLANG_WARN__DUPLICATE_METHOD_MATCH = YES;
				COPY_PHASE_STRIP = NO;
				DEBUG_INFORMATION_FORMAT = dwarf;
				ENABLE_STRICT_OBJC_MSGSEND = YES;
				ENABLE_TESTABILITY = YES;
				GCC_C_LANGUAGE_STANDARD = gnu11;
				GCC_DYNAMIC_NO_PIC = NO;
				GCC_NO_COMMON_BLOCKS = YES;
				GCC_OPTIMIZATION_LEVEL = 0;
				GCC_PREPROCESSOR_DEFINITIONS = (
					"DEBUG=1",
					"$(inherited)",
				);
				GCC_WARN_64_TO_32_BIT_CONVERSION = YES;
				GCC_WARN_ABOUT_RETURN_TYPE = YES_ERROR;
				GCC_WARN_UNDECLARED_SELECTOR = YES;
				GCC_WARN_UNINITIALIZED_AUTOS = YES_AGGRESSIVE;
				GCC_WARN_UNUSED_FUNCTION = YES;
				GCC_WARN_UNUSED_VARIABLE = YES;
				MTL_ENABLE_DEBUG_INFO = INCLUDE_SOURCE;
				MTL_FAST_MATH = YES;
				ONLY_ACTIVE_ARCH = YES;
				SWIFT_ACTIVE_COMPILATION_CONDITIONS = DEBUG;
				SWIFT_OPTIMIZATION_LEVEL = "-Onone";
			};
			name = Debug;
		};
		1F509CF42851EC0800BA6972 /* Release */ = {
			isa = XCBuildConfiguration;
			buildSettings = {
				ALWAYS_SEARCH_USER_PATHS = NO;
				CLANG_ANALYZER_NONNULL = YES;
				CLANG_ANALYZER_NUMBER_OBJECT_CONVERSION = YES_AGGRESSIVE;
				CLANG_CXX_LANGUAGE_STANDARD = "gnu++17";
				CLANG_ENABLE_MODULES = YES;
				CLANG_ENABLE_OBJC_ARC = YES;
				CLANG_ENABLE_OBJC_WEAK = YES;
				CLANG_WARN_BLOCK_CAPTURE_AUTORELEASING = YES;
				CLANG_WARN_BOOL_CONVERSION = YES;
				CLANG_WARN_COMMA = YES;
				CLANG_WARN_CONSTANT_CONVERSION = YES;
				CLANG_WARN_DEPRECATED_OBJC_IMPLEMENTATIONS = YES;
				CLANG_WARN_DIRECT_OBJC_ISA_USAGE = YES_ERROR;
				CLANG_WARN_DOCUMENTATION_COMMENTS = YES;
				CLANG_WARN_EMPTY_BODY = YES;
				CLANG_WARN_ENUM_CONVERSION = YES;
				CLANG_WARN_INFINITE_RECURSION = YES;
				CLANG_WARN_INT_CONVERSION = YES;
				CLANG_WARN_NON_LITERAL_NULL_CONVERSION = YES;
				CLANG_WARN_OBJC_IMPLICIT_RETAIN_SELF = YES;
				CLANG_WARN_OBJC_LITERAL_CONVERSION = YES;
				CLANG_WARN_OBJC_ROOT_CLASS = YES_ERROR;
				CLANG_WARN_QUOTED_INCLUDE_IN_FRAMEWORK_HEADER = YES;
				CLANG_WARN_RANGE_LOOP_ANALYSIS = YES;
				CLANG_WARN_STRICT_PROTOTYPES = YES;
				CLANG_WARN_SUSPICIOUS_MOVE = YES;
				CLANG_WARN_UNGUARDED_AVAILABILITY = YES_AGGRESSIVE;
				CLANG_WARN_UNREACHABLE_CODE = YES;
				CLANG_WARN__DUPLICATE_METHOD_MATCH = YES;
				COPY_PHASE_STRIP = NO;
				DEBUG_INFORMATION_FORMAT = "dwarf-with-dsym";
				ENABLE_NS_ASSERTIONS = NO;
				ENABLE_STRICT_OBJC_MSGSEND = YES;
				GCC_C_LANGUAGE_STANDARD = gnu11;
				GCC_NO_COMMON_BLOCKS = YES;
				GCC_WARN_64_TO_32_BIT_CONVERSION = YES;
				GCC_WARN_ABOUT_RETURN_TYPE = YES_ERROR;
				GCC_WARN_UNDECLARED_SELECTOR = YES;
				GCC_WARN_UNINITIALIZED_AUTOS = YES_AGGRESSIVE;
				GCC_WARN_UNUSED_FUNCTION = YES;
				GCC_WARN_UNUSED_VARIABLE = YES;
				MTL_ENABLE_DEBUG_INFO = NO;
				MTL_FAST_MATH = YES;
				SWIFT_COMPILATION_MODE = wholemodule;
				SWIFT_OPTIMIZATION_LEVEL = "-O";
			};
			name = Release;
		};
		1F509CF62851EC0800BA6972 /* Debug */ = {
			isa = XCBuildConfiguration;
			buildSettings = {
				ASSETCATALOG_COMPILER_APPICON_NAME = AppIcon;
				ASSETCATALOG_COMPILER_GLOBAL_ACCENT_COLOR_NAME = AccentColor;
				CODE_SIGN_ENTITLEMENTS = iOS/iOS.entitlements;
				CODE_SIGN_STYLE = Automatic;
				CURRENT_PROJECT_VERSION = 1;
				DEVELOPMENT_TEAM = U355UULQVV;
				ENABLE_PREVIEWS = YES;
				GENERATE_INFOPLIST_FILE = YES;
				INFOPLIST_KEY_UIApplicationSceneManifest_Generation = YES;
				INFOPLIST_KEY_UIApplicationSupportsIndirectInputEvents = YES;
				INFOPLIST_KEY_UILaunchScreen_Generation = YES;
				INFOPLIST_KEY_UISupportedInterfaceOrientations_iPad = "UIInterfaceOrientationPortrait UIInterfaceOrientationPortraitUpsideDown UIInterfaceOrientationLandscapeLeft UIInterfaceOrientationLandscapeRight";
				INFOPLIST_KEY_UISupportedInterfaceOrientations_iPhone = "UIInterfaceOrientationPortrait UIInterfaceOrientationLandscapeLeft UIInterfaceOrientationLandscapeRight";
				IPHONEOS_DEPLOYMENT_TARGET = 15.5;
				LD_RUNPATH_SEARCH_PATHS = (
					"$(inherited)",
					"@executable_path/Frameworks",
				);
				MARKETING_VERSION = 1.0;
				PRODUCT_BUNDLE_IDENTIFIER = app.portal.dev.CMHeadphoneMotion;
				PRODUCT_NAME = CMHeadphoneMotionMaangerMac;
				SDKROOT = iphoneos;
				SUPPORTS_MACCATALYST = YES;
				SUPPORTS_MAC_DESIGNED_FOR_IPHONE_IPAD = NO;
				SWIFT_EMIT_LOC_STRINGS = YES;
				SWIFT_VERSION = 5.0;
				TARGETED_DEVICE_FAMILY = "1,2,6";
			};
			name = Debug;
		};
		1F509CF72851EC0800BA6972 /* Release */ = {
			isa = XCBuildConfiguration;
			buildSettings = {
				ASSETCATALOG_COMPILER_APPICON_NAME = AppIcon;
				ASSETCATALOG_COMPILER_GLOBAL_ACCENT_COLOR_NAME = AccentColor;
				CODE_SIGN_ENTITLEMENTS = iOS/iOS.entitlements;
				CODE_SIGN_STYLE = Automatic;
				CURRENT_PROJECT_VERSION = 1;
				DEVELOPMENT_TEAM = U355UULQVV;
				ENABLE_PREVIEWS = YES;
				GENERATE_INFOPLIST_FILE = YES;
				INFOPLIST_KEY_UIApplicationSceneManifest_Generation = YES;
				INFOPLIST_KEY_UIApplicationSupportsIndirectInputEvents = YES;
				INFOPLIST_KEY_UILaunchScreen_Generation = YES;
				INFOPLIST_KEY_UISupportedInterfaceOrientations_iPad = "UIInterfaceOrientationPortrait UIInterfaceOrientationPortraitUpsideDown UIInterfaceOrientationLandscapeLeft UIInterfaceOrientationLandscapeRight";
				INFOPLIST_KEY_UISupportedInterfaceOrientations_iPhone = "UIInterfaceOrientationPortrait UIInterfaceOrientationLandscapeLeft UIInterfaceOrientationLandscapeRight";
				IPHONEOS_DEPLOYMENT_TARGET = 15.5;
				LD_RUNPATH_SEARCH_PATHS = (
					"$(inherited)",
					"@executable_path/Frameworks",
				);
				MARKETING_VERSION = 1.0;
				PRODUCT_BUNDLE_IDENTIFIER = app.portal.dev.CMHeadphoneMotion;
				PRODUCT_NAME = CMHeadphoneMotionMaangerMac;
				SDKROOT = iphoneos;
				SUPPORTS_MACCATALYST = YES;
				SUPPORTS_MAC_DESIGNED_FOR_IPHONE_IPAD = NO;
				SWIFT_EMIT_LOC_STRINGS = YES;
				SWIFT_VERSION = 5.0;
				TARGETED_DEVICE_FAMILY = "1,2,6";
				VALIDATE_PRODUCT = YES;
			};
			name = Release;
		};
		1F509CF92851EC0800BA6972 /* Debug */ = {
			isa = XCBuildConfiguration;
			buildSettings = {
				ASSETCATALOG_COMPILER_APPICON_NAME = AppIcon;
				ASSETCATALOG_COMPILER_GLOBAL_ACCENT_COLOR_NAME = AccentColor;
				CODE_SIGN_ENTITLEMENTS = macOS/macOS.entitlements;
				CODE_SIGN_STYLE = Automatic;
				COMBINE_HIDPI_IMAGES = YES;
				CURRENT_PROJECT_VERSION = 1;
				DEVELOPMENT_TEAM = U355UULQVV;
				ENABLE_HARDENED_RUNTIME = YES;
				ENABLE_PREVIEWS = YES;
				GENERATE_INFOPLIST_FILE = YES;
				INFOPLIST_KEY_LSApplicationCategoryType = "public.app-category.healthcare-fitness";
				INFOPLIST_KEY_NSHumanReadableCopyright = "";
				LD_RUNPATH_SEARCH_PATHS = (
					"$(inherited)",
					"@executable_path/../Frameworks",
				);
				MACOSX_DEPLOYMENT_TARGET = 12.3;
				MARKETING_VERSION = 1.0;
				PRODUCT_BUNDLE_IDENTIFIER = app.portal.dev.CMHeadphoneMotion;
				PRODUCT_NAME = CMHeadphoneMotionMaangerMac;
				SDKROOT = macosx;
				SWIFT_EMIT_LOC_STRINGS = YES;
				SWIFT_VERSION = 5.0;
			};
			name = Debug;
		};
		1F509CFA2851EC0800BA6972 /* Release */ = {
			isa = XCBuildConfiguration;
			buildSettings = {
				ASSETCATALOG_COMPILER_APPICON_NAME = AppIcon;
				ASSETCATALOG_COMPILER_GLOBAL_ACCENT_COLOR_NAME = AccentColor;
				CODE_SIGN_ENTITLEMENTS = macOS/macOS.entitlements;
				CODE_SIGN_STYLE = Automatic;
				COMBINE_HIDPI_IMAGES = YES;
				CURRENT_PROJECT_VERSION = 1;
				DEVELOPMENT_TEAM = U355UULQVV;
				ENABLE_HARDENED_RUNTIME = YES;
				ENABLE_PREVIEWS = YES;
				GENERATE_INFOPLIST_FILE = YES;
				INFOPLIST_KEY_LSApplicationCategoryType = "public.app-category.healthcare-fitness";
				INFOPLIST_KEY_NSHumanReadableCopyright = "";
				LD_RUNPATH_SEARCH_PATHS = (
					"$(inherited)",
					"@executable_path/../Frameworks",
				);
				MACOSX_DEPLOYMENT_TARGET = 12.3;
				MARKETING_VERSION = 1.0;
				PRODUCT_BUNDLE_IDENTIFIER = app.portal.dev.CMHeadphoneMotion;
				PRODUCT_NAME = CMHeadphoneMotionMaangerMac;
				SDKROOT = macosx;
				SWIFT_EMIT_LOC_STRINGS = YES;
				SWIFT_VERSION = 5.0;
			};
			name = Release;
		};
		1F509CFC2851EC0800BA6972 /* Debug */ = {
			isa = XCBuildConfiguration;
			buildSettings = {
				ALWAYS_EMBED_SWIFT_STANDARD_LIBRARIES = YES;
				CODE_SIGN_STYLE = Automatic;
				CURRENT_PROJECT_VERSION = 1;
				DEVELOPMENT_TEAM = U355UULQVV;
				GENERATE_INFOPLIST_FILE = YES;
				IPHONEOS_DEPLOYMENT_TARGET = 15.5;
				MARKETING_VERSION = 1.0;
				PRODUCT_BUNDLE_IDENTIFIER = "app.portal.dev.Tests-iOS";
				PRODUCT_NAME = "$(TARGET_NAME)";
				SDKROOT = iphoneos;
				SWIFT_EMIT_LOC_STRINGS = NO;
				SWIFT_VERSION = 5.0;
				TARGETED_DEVICE_FAMILY = "1,2";
				TEST_TARGET_NAME = "CMHeadphoneMotion (iOS)";
			};
			name = Debug;
		};
		1F509CFD2851EC0800BA6972 /* Release */ = {
			isa = XCBuildConfiguration;
			buildSettings = {
				ALWAYS_EMBED_SWIFT_STANDARD_LIBRARIES = YES;
				CODE_SIGN_STYLE = Automatic;
				CURRENT_PROJECT_VERSION = 1;
				DEVELOPMENT_TEAM = U355UULQVV;
				GENERATE_INFOPLIST_FILE = YES;
				IPHONEOS_DEPLOYMENT_TARGET = 15.5;
				MARKETING_VERSION = 1.0;
				PRODUCT_BUNDLE_IDENTIFIER = "app.portal.dev.Tests-iOS";
				PRODUCT_NAME = "$(TARGET_NAME)";
				SDKROOT = iphoneos;
				SWIFT_EMIT_LOC_STRINGS = NO;
				SWIFT_VERSION = 5.0;
				TARGETED_DEVICE_FAMILY = "1,2";
				TEST_TARGET_NAME = "CMHeadphoneMotion (iOS)";
				VALIDATE_PRODUCT = YES;
			};
			name = Release;
		};
		1F509CFF2851EC0800BA6972 /* Debug */ = {
			isa = XCBuildConfiguration;
			buildSettings = {
				CODE_SIGN_STYLE = Automatic;
				CURRENT_PROJECT_VERSION = 1;
				DEVELOPMENT_TEAM = U355UULQVV;
				GENERATE_INFOPLIST_FILE = YES;
				MACOSX_DEPLOYMENT_TARGET = 12.3;
				MARKETING_VERSION = 1.0;
				PRODUCT_BUNDLE_IDENTIFIER = "app.portal.dev.Tests-macOS";
				PRODUCT_NAME = "$(TARGET_NAME)";
				SDKROOT = macosx;
				SWIFT_EMIT_LOC_STRINGS = NO;
				SWIFT_VERSION = 5.0;
				TEST_TARGET_NAME = "CMHeadphoneMotion (macOS)";
			};
			name = Debug;
		};
		1F509D002851EC0800BA6972 /* Release */ = {
			isa = XCBuildConfiguration;
			buildSettings = {
				CODE_SIGN_STYLE = Automatic;
				CURRENT_PROJECT_VERSION = 1;
				DEVELOPMENT_TEAM = U355UULQVV;
				GENERATE_INFOPLIST_FILE = YES;
				MACOSX_DEPLOYMENT_TARGET = 12.3;
				MARKETING_VERSION = 1.0;
				PRODUCT_BUNDLE_IDENTIFIER = "app.portal.dev.Tests-macOS";
				PRODUCT_NAME = "$(TARGET_NAME)";
				SDKROOT = macosx;
				SWIFT_EMIT_LOC_STRINGS = NO;
				SWIFT_VERSION = 5.0;
				TEST_TARGET_NAME = "CMHeadphoneMotion (macOS)";
			};
			name = Release;
		};
/* End XCBuildConfiguration section */

/* Begin XCConfigurationList section */
		1F509CC32851EC0800BA6972 /* Build configuration list for PBXProject "CMHeadphoneMotionManagerMac" */ = {
			isa = XCConfigurationList;
			buildConfigurations = (
				1F509CF32851EC0800BA6972 /* Debug */,
				1F509CF42851EC0800BA6972 /* Release */,
			);
			defaultConfigurationIsVisible = 0;
			defaultConfigurationName = Release;
		};
		1F509CF52851EC0800BA6972 /* Build configuration list for PBXNativeTarget "CMHeadphoneMotionMaangerMac (iOS)" */ = {
			isa = XCConfigurationList;
			buildConfigurations = (
				1F509CF62851EC0800BA6972 /* Debug */,
				1F509CF72851EC0800BA6972 /* Release */,
			);
			defaultConfigurationIsVisible = 0;
			defaultConfigurationName = Release;
		};
		1F509CF82851EC0800BA6972 /* Build configuration list for PBXNativeTarget "CMHeadphoneMotionMaangerMac (macOS)" */ = {
			isa = XCConfigurationList;
			buildConfigurations = (
				1F509CF92851EC0800BA6972 /* Debug */,
				1F509CFA2851EC0800BA6972 /* Release */,
			);
			defaultConfigurationIsVisible = 0;
			defaultConfigurationName = Release;
		};
		1F509CFB2851EC0800BA6972 /* Build configuration list for PBXNativeTarget "Tests iOS" */ = {
			isa = XCConfigurationList;
			buildConfigurations = (
				1F509CFC2851EC0800BA6972 /* Debug */,
				1F509CFD2851EC0800BA6972 /* Release */,
			);
			defaultConfigurationIsVisible = 0;
			defaultConfigurationName = Release;
		};
		1F509CFE2851EC0800BA6972 /* Build configuration list for PBXNativeTarget "Tests macOS" */ = {
			isa = XCConfigurationList;
			buildConfigurations = (
				1F509CFF2851EC0800BA6972 /* Debug */,
				1F509D002851EC0800BA6972 /* Release */,
			);
			defaultConfigurationIsVisible = 0;
			defaultConfigurationName = Release;
		};
/* End XCConfigurationList section */
	};
	rootObject = 1F509CC02851EC0800BA6972 /* Project object */;
}
